
Microsoft Visual Studio Solution File, Format Version 12.00
# Visual Studio Version 17
VisualStudioVersion = 17.4.33213.308
MinimumVisualStudioVersion = 10.0.40219.1
Project("{2150E333-8FDC-42A3-9474-1A3956D46DE8}") = "Services", "Services", "{6A818AA9-C956-4015-802F-117558B84542}"
EndProject
Project("{2150E333-8FDC-42A3-9474-1A3956D46DE8}") = "HotelServices", "HotelServices", "{D93D40C1-34BE-45B2-A6B0-7EB039D23B36}"
EndProject
Project("{9A19103F-16F7-4668-BE54-9A1E7A4F7556}") = "NeredeKal.HotelServices.Core", "NeredeKal.HotelServices.Core\NeredeKal.HotelServices.Core.csproj", "{6389605B-EE0A-4B70-BAF9-9BBBCD884A9A}"
EndProject
Project("{9A19103F-16F7-4668-BE54-9A1E7A4F7556}") = "NeredeKal.HotelServices.Domain", "NeredeKal.HotelServices.Domain\NeredeKal.HotelServices.Domain.csproj", "{410CEBAF-C981-403D-8946-F6D6CF24870E}"
EndProject
Project("{9A19103F-16F7-4668-BE54-9A1E7A4F7556}") = "NeredeKal.HotelServices.Infrastructure", "NeredeKal.HotelServices.Infrastructure\NeredeKal.HotelServices.Infrastructure.csproj", "{927B95C6-C35D-4D67-881D-61AF6FD035BC}"
EndProject
Project("{9A19103F-16F7-4668-BE54-9A1E7A4F7556}") = "NeredeKal.HotelServices.API", "NeredeKal.HotelServices.API\NeredeKal.HotelServices.API.csproj", "{D9CCC6C1-23D3-4E85-96DD-9D4560955A6B}"
EndProject
Project("{2150E333-8FDC-42A3-9474-1A3956D46DE8}") = "ReportServices", "ReportServices", "{61B28303-B740-489D-A45C-CB60F6F666CF}"
EndProject
Project("{9A19103F-16F7-4668-BE54-9A1E7A4F7556}") = "NeredeKal.ReportServices.Core", "..\NeredeKal.ReportServices.Core\NeredeKal.ReportServices.Core.csproj", "{277C7252-DF2B-4FBC-9778-469FFD9EBA9D}"
EndProject
Project("{9A19103F-16F7-4668-BE54-9A1E7A4F7556}") = "NeredeKal.ReportServices.Domain", "..\NeredeKal.ReportServices.Domain\NeredeKal.ReportServices.Domain.csproj", "{1B46386D-35EE-4EE2-8807-0AB9646BAB13}"
EndProject
Project("{9A19103F-16F7-4668-BE54-9A1E7A4F7556}") = "NeredeKal.ReportServices.Infrastructure", "..\NeredeKal.ReportServices.Infrastructure\NeredeKal.ReportServices.Infrastructure.csproj", "{7D2759DF-6DD2-4A7A-88CF-0ABC6D76B51A}"
EndProject
Project("{9A19103F-16F7-4668-BE54-9A1E7A4F7556}") = "NeredeKal.ReportServices.API", "..\NeredeKal.ReportServices.API\NeredeKal.ReportServices.API.csproj", "{57F30633-5E59-4EB5-BEB3-F01A489ED49F}"
EndProject
Project("{E53339B2-1760-4266-BCC7-CA923CBCF16C}") = "docker-compose", "docker-compose.dcproj", "{A33C6C32-420D-4C7C-BFA5-D5709F4513A5}"
EndProject
Global
	GlobalSection(SolutionConfigurationPlatforms) = preSolution
		Debug|Any CPU = Debug|Any CPU
		Release|Any CPU = Release|Any CPU
	EndGlobalSection
	GlobalSection(ProjectConfigurationPlatforms) = postSolution
		{6389605B-EE0A-4B70-BAF9-9BBBCD884A9A}.Debug|Any CPU.ActiveCfg = Debug|Any CPU
		{6389605B-EE0A-4B70-BAF9-9BBBCD884A9A}.Debug|Any CPU.Build.0 = Debug|Any CPU
		{6389605B-EE0A-4B70-BAF9-9BBBCD884A9A}.Release|Any CPU.ActiveCfg = Release|Any CPU
		{6389605B-EE0A-4B70-BAF9-9BBBCD884A9A}.Release|Any CPU.Build.0 = Release|Any CPU
		{410CEBAF-C981-403D-8946-F6D6CF24870E}.Debug|Any CPU.ActiveCfg = Debug|Any CPU
		{410CEBAF-C981-403D-8946-F6D6CF24870E}.Debug|Any CPU.Build.0 = Debug|Any CPU
		{410CEBAF-C981-403D-8946-F6D6CF24870E}.Release|Any CPU.ActiveCfg = Release|Any CPU
		{410CEBAF-C981-403D-8946-F6D6CF24870E}.Release|Any CPU.Build.0 = Release|Any CPU
		{927B95C6-C35D-4D67-881D-61AF6FD035BC}.Debug|Any CPU.ActiveCfg = Debug|Any CPU
		{927B95C6-C35D-4D67-881D-61AF6FD035BC}.Debug|Any CPU.Build.0 = Debug|Any CPU
		{927B95C6-C35D-4D67-881D-61AF6FD035BC}.Release|Any CPU.ActiveCfg = Release|Any CPU
		{927B95C6-C35D-4D67-881D-61AF6FD035BC}.Release|Any CPU.Build.0 = Release|Any CPU
		{D9CCC6C1-23D3-4E85-96DD-9D4560955A6B}.Debug|Any CPU.ActiveCfg = Debug|Any CPU
		{D9CCC6C1-23D3-4E85-96DD-9D4560955A6B}.Debug|Any CPU.Build.0 = Debug|Any CPU
		{D9CCC6C1-23D3-4E85-96DD-9D4560955A6B}.Release|Any CPU.ActiveCfg = Release|Any CPU
		{D9CCC6C1-23D3-4E85-96DD-9D4560955A6B}.Release|Any CPU.Build.0 = Release|Any CPU
		{277C7252-DF2B-4FBC-9778-469FFD9EBA9D}.Debug|Any CPU.ActiveCfg = Debug|Any CPU
		{277C7252-DF2B-4FBC-9778-469FFD9EBA9D}.Debug|Any CPU.Build.0 = Debug|Any CPU
		{277C7252-DF2B-4FBC-9778-469FFD9EBA9D}.Release|Any CPU.ActiveCfg = Release|Any CPU
		{277C7252-DF2B-4FBC-9778-469FFD9EBA9D}.Release|Any CPU.Build.0 = Release|Any CPU
		{1B46386D-35EE-4EE2-8807-0AB9646BAB13}.Debug|Any CPU.ActiveCfg = Debug|Any CPU
		{1B46386D-35EE-4EE2-8807-0AB9646BAB13}.Debug|Any CPU.Build.0 = Debug|Any CPU
		{1B46386D-35EE-4EE2-8807-0AB9646BAB13}.Release|Any CPU.ActiveCfg = Release|Any CPU
		{1B46386D-35EE-4EE2-8807-0AB9646BAB13}.Release|Any CPU.Build.0 = Release|Any CPU
		{7D2759DF-6DD2-4A7A-88CF-0ABC6D76B51A}.Debug|Any CPU.ActiveCfg = Debug|Any CPU
		{7D2759DF-6DD2-4A7A-88CF-0ABC6D76B51A}.Debug|Any CPU.Build.0 = Debug|Any CPU
		{7D2759DF-6DD2-4A7A-88CF-0ABC6D76B51A}.Release|Any CPU.ActiveCfg = Release|Any CPU
		{7D2759DF-6DD2-4A7A-88CF-0ABC6D76B51A}.Release|Any CPU.Build.0 = Release|Any CPU
		{57F30633-5E59-4EB5-BEB3-F01A489ED49F}.Debug|Any CPU.ActiveCfg = Debug|Any CPU
		{57F30633-5E59-4EB5-BEB3-F01A489ED49F}.Debug|Any CPU.Build.0 = Debug|Any CPU
		{57F30633-5E59-4EB5-BEB3-F01A489ED49F}.Release|Any CPU.ActiveCfg = Release|Any CPU
		{57F30633-5E59-4EB5-BEB3-F01A489ED49F}.Release|Any CPU.Build.0 = Release|Any CPU
		{A33C6C32-420D-4C7C-BFA5-D5709F4513A5}.Debug|Any CPU.ActiveCfg = Debug|Any CPU
		{A33C6C32-420D-4C7C-BFA5-D5709F4513A5}.Debug|Any CPU.Build.0 = Debug|Any CPU
		{A33C6C32-420D-4C7C-BFA5-D5709F4513A5}.Release|Any CPU.ActiveCfg = Release|Any CPU
		{A33C6C32-420D-4C7C-BFA5-D5709F4513A5}.Release|Any CPU.Build.0 = Release|Any CPU
	EndGlobalSection
	GlobalSection(SolutionProperties) = preSolution
		HideSolutionNode = FALSE
	EndGlobalSection
	GlobalSection(NestedProjects) = preSolution
		{D93D40C1-34BE-45B2-A6B0-7EB039D23B36} = {6A818AA9-C956-4015-802F-117558B84542}
		{6389605B-EE0A-4B70-BAF9-9BBBCD884A9A} = {D93D40C1-34BE-45B2-A6B0-7EB039D23B36}
		{410CEBAF-C981-403D-8946-F6D6CF24870E} = {D93D40C1-34BE-45B2-A6B0-7EB039D23B36}
		{927B95C6-C35D-4D67-881D-61AF6FD035BC} = {D93D40C1-34BE-45B2-A6B0-7EB039D23B36}
		{D9CCC6C1-23D3-4E85-96DD-9D4560955A6B} = {D93D40C1-34BE-45B2-A6B0-7EB039D23B36}
		{61B28303-B740-489D-A45C-CB60F6F666CF} = {6A818AA9-C956-4015-802F-117558B84542}
		{277C7252-DF2B-4FBC-9778-469FFD9EBA9D} = {61B28303-B740-489D-A45C-CB60F6F666CF}
		{1B46386D-35EE-4EE2-8807-0AB9646BAB13} = {61B28303-B740-489D-A45C-CB60F6F666CF}
		{7D2759DF-6DD2-4A7A-88CF-0ABC6D76B51A} = {61B28303-B740-489D-A45C-CB60F6F666CF}
		{57F30633-5E59-4EB5-BEB3-F01A489ED49F} = {61B28303-B740-489D-A45C-CB60F6F666CF}
	EndGlobalSection
	GlobalSection(ExtensibilityGlobals) = postSolution
		SolutionGuid = {41DB4175-E81A-4A91-8572-F1C14092F0CA}
	EndGlobalSection
EndGlobal
