
Microsoft Visual Studio Solution File, Format Version 12.00
# Visual Studio Version 17
VisualStudioVersion = 17.4.33213.308
MinimumVisualStudioVersion = 10.0.40219.1
<<<<<<< Updated upstream
Global
	GlobalSection(SolutionProperties) = preSolution
		HideSolutionNode = FALSE
	EndGlobalSection
=======
Project("{2150E333-8FDC-42A3-9474-1A3956D46DE8}") = "Services", "Services", "{4A3D280B-0681-4BC5-8526-E01C7CE2A113}"
EndProject
Project("{2150E333-8FDC-42A3-9474-1A3956D46DE8}") = "OtelServices", "OtelServices", "{033E6025-7EF0-4C38-91F1-FEC30094DEE3}"
EndProject
Project("{FAE04EC0-301F-11D3-BF4B-00C04F79EFBC}") = "NeredeKal.OtelServices.Core", "NeredeKal.OtelServices.Core\NeredeKal.OtelServices.Core.csproj", "{6FE53246-5765-4773-9C23-47411787C5DC}"
EndProject
Project("{FAE04EC0-301F-11D3-BF4B-00C04F79EFBC}") = "NeredeKal.OtelServices.Api", "NeredeKal.OtelServices.Api\NeredeKal.OtelServices.Api.csproj", "{8B9905F8-5508-417B-B61B-40AB660392EC}"
EndProject
Project("{FAE04EC0-301F-11D3-BF4B-00C04F79EFBC}") = "NeredeKal.OtelServices.Domain", "NeredeKal.OtelServices.Domain\NeredeKal.OtelServices.Domain.csproj", "{0732AD75-00D2-40E5-AD22-EC61042919D1}"
EndProject
Project("{FAE04EC0-301F-11D3-BF4B-00C04F79EFBC}") = "NeredeKal.OtelServices.Infrastructure", "NeredeKal.OtelServices.Infrastructure\NeredeKal.OtelServices.Infrastructure.csproj", "{AD461E15-5FE4-49BC-BB8E-1332D9EE59D9}"
EndProject
Global
	GlobalSection(SolutionConfigurationPlatforms) = preSolution
		Debug|Any CPU = Debug|Any CPU
		Release|Any CPU = Release|Any CPU
	EndGlobalSection
	GlobalSection(ProjectConfigurationPlatforms) = postSolution
		{6FE53246-5765-4773-9C23-47411787C5DC}.Debug|Any CPU.ActiveCfg = Debug|Any CPU
		{6FE53246-5765-4773-9C23-47411787C5DC}.Debug|Any CPU.Build.0 = Debug|Any CPU
		{6FE53246-5765-4773-9C23-47411787C5DC}.Release|Any CPU.ActiveCfg = Release|Any CPU
		{6FE53246-5765-4773-9C23-47411787C5DC}.Release|Any CPU.Build.0 = Release|Any CPU
		{8B9905F8-5508-417B-B61B-40AB660392EC}.Debug|Any CPU.ActiveCfg = Debug|Any CPU
		{8B9905F8-5508-417B-B61B-40AB660392EC}.Debug|Any CPU.Build.0 = Debug|Any CPU
		{8B9905F8-5508-417B-B61B-40AB660392EC}.Release|Any CPU.ActiveCfg = Release|Any CPU
		{8B9905F8-5508-417B-B61B-40AB660392EC}.Release|Any CPU.Build.0 = Release|Any CPU
		{0732AD75-00D2-40E5-AD22-EC61042919D1}.Debug|Any CPU.ActiveCfg = Debug|Any CPU
		{0732AD75-00D2-40E5-AD22-EC61042919D1}.Debug|Any CPU.Build.0 = Debug|Any CPU
		{0732AD75-00D2-40E5-AD22-EC61042919D1}.Release|Any CPU.ActiveCfg = Release|Any CPU
		{0732AD75-00D2-40E5-AD22-EC61042919D1}.Release|Any CPU.Build.0 = Release|Any CPU
		{AD461E15-5FE4-49BC-BB8E-1332D9EE59D9}.Debug|Any CPU.ActiveCfg = Debug|Any CPU
		{AD461E15-5FE4-49BC-BB8E-1332D9EE59D9}.Debug|Any CPU.Build.0 = Debug|Any CPU
		{AD461E15-5FE4-49BC-BB8E-1332D9EE59D9}.Release|Any CPU.ActiveCfg = Release|Any CPU
		{AD461E15-5FE4-49BC-BB8E-1332D9EE59D9}.Release|Any CPU.Build.0 = Release|Any CPU
	EndGlobalSection
	GlobalSection(SolutionProperties) = preSolution
		HideSolutionNode = FALSE
	EndGlobalSection
	GlobalSection(NestedProjects) = preSolution
		{033E6025-7EF0-4C38-91F1-FEC30094DEE3} = {4A3D280B-0681-4BC5-8526-E01C7CE2A113}
		{6FE53246-5765-4773-9C23-47411787C5DC} = {033E6025-7EF0-4C38-91F1-FEC30094DEE3}
		{8B9905F8-5508-417B-B61B-40AB660392EC} = {033E6025-7EF0-4C38-91F1-FEC30094DEE3}
		{0732AD75-00D2-40E5-AD22-EC61042919D1} = {033E6025-7EF0-4C38-91F1-FEC30094DEE3}
		{AD461E15-5FE4-49BC-BB8E-1332D9EE59D9} = {033E6025-7EF0-4C38-91F1-FEC30094DEE3}
	EndGlobalSection
>>>>>>> Stashed changes
	GlobalSection(ExtensibilityGlobals) = postSolution
		SolutionGuid = {41DB4175-E81A-4A91-8572-F1C14092F0CA}
	EndGlobalSection
EndGlobal
